
Microsoft Visual Studio Solution File, Format Version 12.00
# Visual Studio Version 17
VisualStudioVersion = 17.5.002.0
MinimumVisualStudioVersion = 10.0.40219.1
Project("{2150E333-8FDC-42A3-9474-1A3956D46DE8}") = "csharp-prep", "csharp-prep", "{9E10D8A2-F019-4FA0-9C50-99508A9F2BD9}"
EndProject
Project("{9A19103F-16F7-4668-BE54-9A1E7A4F7556}") = "Prep1", "csharp-prep\Prep1\Prep1.csproj", "{D4509D80-972E-476B-9B0A-8E865112D6F7}"
EndProject
Project("{9A19103F-16F7-4668-BE54-9A1E7A4F7556}") = "Prep2", "csharp-prep\Prep2\Prep2.csproj", "{7814C60E-7CAD-483B-AF41-F53CF3112C04}"
EndProject
Project("{9A19103F-16F7-4668-BE54-9A1E7A4F7556}") = "Prep3", "csharp-prep\Prep3\Prep3.csproj", "{E0C9188C-FC71-4236-9061-FF7260241384}"
EndProject
Project("{9A19103F-16F7-4668-BE54-9A1E7A4F7556}") = "Prep4", "csharp-prep\Prep4\Prep4.csproj", "{7ED2003F-FEF1-440A-9E1E-D1EB4FA44167}"
EndProject
Project("{9A19103F-16F7-4668-BE54-9A1E7A4F7556}") = "Prep5", "csharp-prep\Prep5\Prep5.csproj", "{12F9B366-B6B8-4208-8A7D-348E5A1C8739}"
EndProject
Project("{2150E333-8FDC-42A3-9474-1A3956D46DE8}") = "final", "final", "{4EFEC699-AF56-4F31-B8F7-BBBB58966DFF}"
EndProject
Project("{9A19103F-16F7-4668-BE54-9A1E7A4F7556}") = "FinalProject", "final\FinalProject\FinalProject.csproj", "{E5A1310D-12EE-44C2-884A-8FBBFDCF96BE}"
EndProject
Project("{9A19103F-16F7-4668-BE54-9A1E7A4F7556}") = "Foundation1", "final\Foundation1\Foundation1.csproj", "{A7688AF3-DE7C-450D-9E56-D46D140BB80B}"
EndProject
Project("{9A19103F-16F7-4668-BE54-9A1E7A4F7556}") = "Foundation2", "final\Foundation2\Foundation2.csproj", "{24EB2D63-FBDF-4BFE-8B4F-E3FB8C0038E1}"
EndProject
Project("{9A19103F-16F7-4668-BE54-9A1E7A4F7556}") = "Foundation3", "final\Foundation3\Foundation3.csproj", "{C9166942-4E2A-4812-AD2B-5EC8A818CACF}"
EndProject
Project("{9A19103F-16F7-4668-BE54-9A1E7A4F7556}") = "Foundation4", "final\Foundation4\Foundation4.csproj", "{26D92073-E000-42B3-9155-BF4AEAB43617}"
EndProject
Project("{2150E333-8FDC-42A3-9474-1A3956D46DE8}") = "prepare", "prepare", "{2693A492-DEB4-46C0-B09F-358B2D2FD688}"
EndProject
Project("{9A19103F-16F7-4668-BE54-9A1E7A4F7556}") = "Learning02", "prepare\Learning02\Learning02.csproj", "{75DB3DBC-405A-4653-95BC-AC419C2A40DA}"
EndProject
Project("{9A19103F-16F7-4668-BE54-9A1E7A4F7556}") = "Learning03", "prepare\Learning03\Learning03.csproj", "{93947500-8474-48D7-A903-CC9644328A76}"
EndProject
Project("{9A19103F-16F7-4668-BE54-9A1E7A4F7556}") = "Learning04", "prepare\Learning04\Learning04.csproj", "{5B6F7746-66B4-4F43-B1FB-79F7D373D909}"
EndProject
Project("{9A19103F-16F7-4668-BE54-9A1E7A4F7556}") = "Learning05", "prepare\Learning05\Learning05.csproj", "{D3AB77EF-6679-45B7-A5CF-BC9EBCF02A4A}"
EndProject
Project("{2150E333-8FDC-42A3-9474-1A3956D46DE8}") = "prove", "prove", "{20647709-6841-48E8-9575-8FC770BC4FB7}"
EndProject
Project("{9A19103F-16F7-4668-BE54-9A1E7A4F7556}") = "Develop02", "prove\Develop02\Develop02.csproj", "{66D2EBDB-D9A2-4A75-B07C-D9410489D26D}"
EndProject
Project("{9A19103F-16F7-4668-BE54-9A1E7A4F7556}") = "Develop03", "prove\Develop03\Develop03.csproj", "{C338E736-2E0E-4EAF-B16B-64D35B82AC6C}"
EndProject
Project("{9A19103F-16F7-4668-BE54-9A1E7A4F7556}") = "Develop04", "prove\Develop04\Develop04.csproj", "{500CEACD-1BC2-48CD-9D31-36E18CBBF22E}"
EndProject
Project("{9A19103F-16F7-4668-BE54-9A1E7A4F7556}") = "Develop05", "prove\Develop05\Develop05.csproj", "{88B3F3F9-2148-4389-B258-4991FD69F3CE}"
EndProject
Project("{2150E333-8FDC-42A3-9474-1A3956D46DE8}") = "sandbox", "sandbox", "{8A628E9C-7E11-4B26-A784-81F4D6B0B4ED}"
EndProject
Project("{9A19103F-16F7-4668-BE54-9A1E7A4F7556}") = "Sandbox", "sandbox\Sandbox\Sandbox.csproj", "{60ED7C33-67F4-4971-9962-316067A19C4E}"
EndProject
Global
	GlobalSection(SolutionConfigurationPlatforms) = preSolution
		Debug|Any CPU = Debug|Any CPU
		Release|Any CPU = Release|Any CPU
	EndGlobalSection
	GlobalSection(ProjectConfigurationPlatforms) = postSolution
		{D4509D80-972E-476B-9B0A-8E865112D6F7}.Debug|Any CPU.ActiveCfg = Debug|Any CPU
		{D4509D80-972E-476B-9B0A-8E865112D6F7}.Debug|Any CPU.Build.0 = Debug|Any CPU
		{D4509D80-972E-476B-9B0A-8E865112D6F7}.Release|Any CPU.ActiveCfg = Release|Any CPU
		{D4509D80-972E-476B-9B0A-8E865112D6F7}.Release|Any CPU.Build.0 = Release|Any CPU
		{7814C60E-7CAD-483B-AF41-F53CF3112C04}.Debug|Any CPU.ActiveCfg = Debug|Any CPU
		{7814C60E-7CAD-483B-AF41-F53CF3112C04}.Debug|Any CPU.Build.0 = Debug|Any CPU
		{7814C60E-7CAD-483B-AF41-F53CF3112C04}.Release|Any CPU.ActiveCfg = Release|Any CPU
		{7814C60E-7CAD-483B-AF41-F53CF3112C04}.Release|Any CPU.Build.0 = Release|Any CPU
		{E0C9188C-FC71-4236-9061-FF7260241384}.Debug|Any CPU.ActiveCfg = Debug|Any CPU
		{E0C9188C-FC71-4236-9061-FF7260241384}.Debug|Any CPU.Build.0 = Debug|Any CPU
		{E0C9188C-FC71-4236-9061-FF7260241384}.Release|Any CPU.ActiveCfg = Release|Any CPU
		{E0C9188C-FC71-4236-9061-FF7260241384}.Release|Any CPU.Build.0 = Release|Any CPU
		{7ED2003F-FEF1-440A-9E1E-D1EB4FA44167}.Debug|Any CPU.ActiveCfg = Debug|Any CPU
		{7ED2003F-FEF1-440A-9E1E-D1EB4FA44167}.Debug|Any CPU.Build.0 = Debug|Any CPU
		{7ED2003F-FEF1-440A-9E1E-D1EB4FA44167}.Release|Any CPU.ActiveCfg = Release|Any CPU
		{7ED2003F-FEF1-440A-9E1E-D1EB4FA44167}.Release|Any CPU.Build.0 = Release|Any CPU
		{12F9B366-B6B8-4208-8A7D-348E5A1C8739}.Debug|Any CPU.ActiveCfg = Debug|Any CPU
		{12F9B366-B6B8-4208-8A7D-348E5A1C8739}.Debug|Any CPU.Build.0 = Debug|Any CPU
		{12F9B366-B6B8-4208-8A7D-348E5A1C8739}.Release|Any CPU.ActiveCfg = Release|Any CPU
		{12F9B366-B6B8-4208-8A7D-348E5A1C8739}.Release|Any CPU.Build.0 = Release|Any CPU
		{E5A1310D-12EE-44C2-884A-8FBBFDCF96BE}.Debug|Any CPU.ActiveCfg = Debug|Any CPU
		{E5A1310D-12EE-44C2-884A-8FBBFDCF96BE}.Debug|Any CPU.Build.0 = Debug|Any CPU
		{E5A1310D-12EE-44C2-884A-8FBBFDCF96BE}.Release|Any CPU.ActiveCfg = Release|Any CPU
		{E5A1310D-12EE-44C2-884A-8FBBFDCF96BE}.Release|Any CPU.Build.0 = Release|Any CPU
		{A7688AF3-DE7C-450D-9E56-D46D140BB80B}.Debug|Any CPU.ActiveCfg = Debug|Any CPU
		{A7688AF3-DE7C-450D-9E56-D46D140BB80B}.Debug|Any CPU.Build.0 = Debug|Any CPU
		{A7688AF3-DE7C-450D-9E56-D46D140BB80B}.Release|Any CPU.ActiveCfg = Release|Any CPU
		{A7688AF3-DE7C-450D-9E56-D46D140BB80B}.Release|Any CPU.Build.0 = Release|Any CPU
		{24EB2D63-FBDF-4BFE-8B4F-E3FB8C0038E1}.Debug|Any CPU.ActiveCfg = Debug|Any CPU
		{24EB2D63-FBDF-4BFE-8B4F-E3FB8C0038E1}.Debug|Any CPU.Build.0 = Debug|Any CPU
		{24EB2D63-FBDF-4BFE-8B4F-E3FB8C0038E1}.Release|Any CPU.ActiveCfg = Release|Any CPU
		{24EB2D63-FBDF-4BFE-8B4F-E3FB8C0038E1}.Release|Any CPU.Build.0 = Release|Any CPU
		{C9166942-4E2A-4812-AD2B-5EC8A818CACF}.Debug|Any CPU.ActiveCfg = Debug|Any CPU
		{C9166942-4E2A-4812-AD2B-5EC8A818CACF}.Debug|Any CPU.Build.0 = Debug|Any CPU
		{C9166942-4E2A-4812-AD2B-5EC8A818CACF}.Release|Any CPU.ActiveCfg = Release|Any CPU
		{C9166942-4E2A-4812-AD2B-5EC8A818CACF}.Release|Any CPU.Build.0 = Release|Any CPU
		{26D92073-E000-42B3-9155-BF4AEAB43617}.Debug|Any CPU.ActiveCfg = Debug|Any CPU
		{26D92073-E000-42B3-9155-BF4AEAB43617}.Debug|Any CPU.Build.0 = Debug|Any CPU
		{26D92073-E000-42B3-9155-BF4AEAB43617}.Release|Any CPU.ActiveCfg = Release|Any CPU
		{26D92073-E000-42B3-9155-BF4AEAB43617}.Release|Any CPU.Build.0 = Release|Any CPU
		{75DB3DBC-405A-4653-95BC-AC419C2A40DA}.Debug|Any CPU.ActiveCfg = Debug|Any CPU
		{75DB3DBC-405A-4653-95BC-AC419C2A40DA}.Debug|Any CPU.Build.0 = Debug|Any CPU
		{75DB3DBC-405A-4653-95BC-AC419C2A40DA}.Release|Any CPU.ActiveCfg = Release|Any CPU
		{75DB3DBC-405A-4653-95BC-AC419C2A40DA}.Release|Any CPU.Build.0 = Release|Any CPU
		{93947500-8474-48D7-A903-CC9644328A76}.Debug|Any CPU.ActiveCfg = Debug|Any CPU
		{93947500-8474-48D7-A903-CC9644328A76}.Debug|Any CPU.Build.0 = Debug|Any CPU
		{93947500-8474-48D7-A903-CC9644328A76}.Release|Any CPU.ActiveCfg = Release|Any CPU
		{93947500-8474-48D7-A903-CC9644328A76}.Release|Any CPU.Build.0 = Release|Any CPU
		{5B6F7746-66B4-4F43-B1FB-79F7D373D909}.Debug|Any CPU.ActiveCfg = Debug|Any CPU
		{5B6F7746-66B4-4F43-B1FB-79F7D373D909}.Debug|Any CPU.Build.0 = Debug|Any CPU
		{5B6F7746-66B4-4F43-B1FB-79F7D373D909}.Release|Any CPU.ActiveCfg = Release|Any CPU
		{5B6F7746-66B4-4F43-B1FB-79F7D373D909}.Release|Any CPU.Build.0 = Release|Any CPU
		{D3AB77EF-6679-45B7-A5CF-BC9EBCF02A4A}.Debug|Any CPU.ActiveCfg = Debug|Any CPU
		{D3AB77EF-6679-45B7-A5CF-BC9EBCF02A4A}.Debug|Any CPU.Build.0 = Debug|Any CPU
		{D3AB77EF-6679-45B7-A5CF-BC9EBCF02A4A}.Release|Any CPU.ActiveCfg = Release|Any CPU
		{D3AB77EF-6679-45B7-A5CF-BC9EBCF02A4A}.Release|Any CPU.Build.0 = Release|Any CPU
		{66D2EBDB-D9A2-4A75-B07C-D9410489D26D}.Debug|Any CPU.ActiveCfg = Debug|Any CPU
		{66D2EBDB-D9A2-4A75-B07C-D9410489D26D}.Debug|Any CPU.Build.0 = Debug|Any CPU
		{66D2EBDB-D9A2-4A75-B07C-D9410489D26D}.Release|Any CPU.ActiveCfg = Release|Any CPU
		{66D2EBDB-D9A2-4A75-B07C-D9410489D26D}.Release|Any CPU.Build.0 = Release|Any CPU
		{C338E736-2E0E-4EAF-B16B-64D35B82AC6C}.Debug|Any CPU.ActiveCfg = Debug|Any CPU
		{C338E736-2E0E-4EAF-B16B-64D35B82AC6C}.Debug|Any CPU.Build.0 = Debug|Any CPU
		{C338E736-2E0E-4EAF-B16B-64D35B82AC6C}.Release|Any CPU.ActiveCfg = Release|Any CPU
		{C338E736-2E0E-4EAF-B16B-64D35B82AC6C}.Release|Any CPU.Build.0 = Release|Any CPU
		{500CEACD-1BC2-48CD-9D31-36E18CBBF22E}.Debug|Any CPU.ActiveCfg = Debug|Any CPU
		{500CEACD-1BC2-48CD-9D31-36E18CBBF22E}.Debug|Any CPU.Build.0 = Debug|Any CPU
		{500CEACD-1BC2-48CD-9D31-36E18CBBF22E}.Release|Any CPU.ActiveCfg = Release|Any CPU
		{500CEACD-1BC2-48CD-9D31-36E18CBBF22E}.Release|Any CPU.Build.0 = Release|Any CPU
		{88B3F3F9-2148-4389-B258-4991FD69F3CE}.Debug|Any CPU.ActiveCfg = Debug|Any CPU
		{88B3F3F9-2148-4389-B258-4991FD69F3CE}.Debug|Any CPU.Build.0 = Debug|Any CPU
		{88B3F3F9-2148-4389-B258-4991FD69F3CE}.Release|Any CPU.ActiveCfg = Release|Any CPU
		{88B3F3F9-2148-4389-B258-4991FD69F3CE}.Release|Any CPU.Build.0 = Release|Any CPU
		{60ED7C33-67F4-4971-9962-316067A19C4E}.Debug|Any CPU.ActiveCfg = Debug|Any CPU
		{60ED7C33-67F4-4971-9962-316067A19C4E}.Debug|Any CPU.Build.0 = Debug|Any CPU
		{60ED7C33-67F4-4971-9962-316067A19C4E}.Release|Any CPU.ActiveCfg = Release|Any CPU
		{60ED7C33-67F4-4971-9962-316067A19C4E}.Release|Any CPU.Build.0 = Release|Any CPU
	EndGlobalSection
	GlobalSection(SolutionProperties) = preSolution
		HideSolutionNode = FALSE
	EndGlobalSection
	GlobalSection(NestedProjects) = preSolution
		{D4509D80-972E-476B-9B0A-8E865112D6F7} = {9E10D8A2-F019-4FA0-9C50-99508A9F2BD9}
		{7814C60E-7CAD-483B-AF41-F53CF3112C04} = {9E10D8A2-F019-4FA0-9C50-99508A9F2BD9}
		{E0C9188C-FC71-4236-9061-FF7260241384} = {9E10D8A2-F019-4FA0-9C50-99508A9F2BD9}
		{7ED2003F-FEF1-440A-9E1E-D1EB4FA44167} = {9E10D8A2-F019-4FA0-9C50-99508A9F2BD9}
		{12F9B366-B6B8-4208-8A7D-348E5A1C8739} = {9E10D8A2-F019-4FA0-9C50-99508A9F2BD9}
		{E5A1310D-12EE-44C2-884A-8FBBFDCF96BE} = {4EFEC699-AF56-4F31-B8F7-BBBB58966DFF}
		{A7688AF3-DE7C-450D-9E56-D46D140BB80B} = {4EFEC699-AF56-4F31-B8F7-BBBB58966DFF}
		{24EB2D63-FBDF-4BFE-8B4F-E3FB8C0038E1} = {4EFEC699-AF56-4F31-B8F7-BBBB58966DFF}
		{C9166942-4E2A-4812-AD2B-5EC8A818CACF} = {4EFEC699-AF56-4F31-B8F7-BBBB58966DFF}
		{26D92073-E000-42B3-9155-BF4AEAB43617} = {4EFEC699-AF56-4F31-B8F7-BBBB58966DFF}
		{75DB3DBC-405A-4653-95BC-AC419C2A40DA} = {2693A492-DEB4-46C0-B09F-358B2D2FD688}
		{93947500-8474-48D7-A903-CC9644328A76} = {2693A492-DEB4-46C0-B09F-358B2D2FD688}
		{5B6F7746-66B4-4F43-B1FB-79F7D373D909} = {2693A492-DEB4-46C0-B09F-358B2D2FD688}
		{D3AB77EF-6679-45B7-A5CF-BC9EBCF02A4A} = {2693A492-DEB4-46C0-B09F-358B2D2FD688}
		{66D2EBDB-D9A2-4A75-B07C-D9410489D26D} = {20647709-6841-48E8-9575-8FC770BC4FB7}
		{C338E736-2E0E-4EAF-B16B-64D35B82AC6C} = {20647709-6841-48E8-9575-8FC770BC4FB7}
		{500CEACD-1BC2-48CD-9D31-36E18CBBF22E} = {20647709-6841-48E8-9575-8FC770BC4FB7}
		{88B3F3F9-2148-4389-B258-4991FD69F3CE} = {20647709-6841-48E8-9575-8FC770BC4FB7}
		{60ED7C33-67F4-4971-9962-316067A19C4E} = {8A628E9C-7E11-4B26-A784-81F4D6B0B4ED}
	EndGlobalSection
	GlobalSection(ExtensibilityGlobals) = postSolution
		SolutionGuid = {817D673A-F23A-4A50-900B-193BC038BEC5}
	EndGlobalSection
EndGlobal
